
Microsoft Visual Studio Solution File, Format Version 12.00
# Visual Studio Version 16
VisualStudioVersion = 16.0.31624.102
MinimumVisualStudioVersion = 10.0.40219.1
Project("{2150E333-8FDC-42A3-9474-1A3956D46DE8}") = "Aula04-05", "Aula04-05", "{1DEF67FB-8297-4DF3-8DD2-696AE991A9DF}"
EndProject
Project("{2150E333-8FDC-42A3-9474-1A3956D46DE8}") = "Aula02", "Aula02", "{9997831E-3DF2-4E9A-88F8-B276E49FC8A8}"
	ProjectSection(SolutionItems) = preProject
		Pratica.cs = Pratica.cs
	EndProjectSection
EndProject
Project("{2150E333-8FDC-42A3-9474-1A3956D46DE8}") = "Aula01", "Aula01", "{CEAB85A3-9A19-4546-AEC3-E1CF61CAC6C2}"
	ProjectSection(SolutionItems) = preProject
		Conceituacao.txt = Conceituacao.txt
	EndProjectSection
EndProject
Project("{9A19103F-16F7-4668-BE54-9A1E7A4F7556}") = "Biblioteca", "Biblioteca\Biblioteca.csproj", "{50ACEB72-56EA-485D-ACE7-49B007161514}"
EndProject
Project("{2150E333-8FDC-42A3-9474-1A3956D46DE8}") = "Aula06", "Aula06", "{879B0CAB-C0E1-4FF0-B2E9-BCED148AE19F}"
EndProject
Project("{9A19103F-16F7-4668-BE54-9A1E7A4F7556}") = "ProjetoDeTeste", "ProjetoDeTeste\ProjetoDeTeste.csproj", "{D0EF4656-020D-4BC8-A5FF-368294D4919A}"
EndProject
Project("{2150E333-8FDC-42A3-9474-1A3956D46DE8}") = "Aula07", "Aula07", "{FCDCCA87-F7C3-446B-AABE-58B2F5990028}"
EndProject
Project("{FAE04EC0-301F-11D3-BF4B-00C04F79EFBC}") = "BibliotecaWeb", "BibliotecaWeb\BibliotecaWeb.csproj", "{3CB2CCF7-A9EE-45F6-8352-B77C27232330}"
EndProject
Global
	GlobalSection(SolutionConfigurationPlatforms) = preSolution
		Debug|Any CPU = Debug|Any CPU
		Release|Any CPU = Release|Any CPU
	EndGlobalSection
	GlobalSection(ProjectConfigurationPlatforms) = postSolution
		{50ACEB72-56EA-485D-ACE7-49B007161514}.Debug|Any CPU.ActiveCfg = Debug|Any CPU
		{50ACEB72-56EA-485D-ACE7-49B007161514}.Debug|Any CPU.Build.0 = Debug|Any CPU
		{50ACEB72-56EA-485D-ACE7-49B007161514}.Release|Any CPU.ActiveCfg = Release|Any CPU
		{50ACEB72-56EA-485D-ACE7-49B007161514}.Release|Any CPU.Build.0 = Release|Any CPU
		{D0EF4656-020D-4BC8-A5FF-368294D4919A}.Debug|Any CPU.ActiveCfg = Debug|Any CPU
		{D0EF4656-020D-4BC8-A5FF-368294D4919A}.Debug|Any CPU.Build.0 = Debug|Any CPU
		{D0EF4656-020D-4BC8-A5FF-368294D4919A}.Release|Any CPU.ActiveCfg = Release|Any CPU
		{D0EF4656-020D-4BC8-A5FF-368294D4919A}.Release|Any CPU.Build.0 = Release|Any CPU
		{3CB2CCF7-A9EE-45F6-8352-B77C27232330}.Debug|Any CPU.ActiveCfg = Debug|Any CPU
		{3CB2CCF7-A9EE-45F6-8352-B77C27232330}.Debug|Any CPU.Build.0 = Debug|Any CPU
		{3CB2CCF7-A9EE-45F6-8352-B77C27232330}.Release|Any CPU.ActiveCfg = Release|Any CPU
		{3CB2CCF7-A9EE-45F6-8352-B77C27232330}.Release|Any CPU.Build.0 = Release|Any CPU
	EndGlobalSection
	GlobalSection(SolutionProperties) = preSolution
		HideSolutionNode = FALSE
	EndGlobalSection
	GlobalSection(NestedProjects) = preSolution
		{50ACEB72-56EA-485D-ACE7-49B007161514} = {1DEF67FB-8297-4DF3-8DD2-696AE991A9DF}
		{D0EF4656-020D-4BC8-A5FF-368294D4919A} = {879B0CAB-C0E1-4FF0-B2E9-BCED148AE19F}
		{3CB2CCF7-A9EE-45F6-8352-B77C27232330} = {FCDCCA87-F7C3-446B-AABE-58B2F5990028}
	EndGlobalSection
	GlobalSection(ExtensibilityGlobals) = postSolution
		SolutionGuid = {8BB5BA4D-2051-4A15-9B3E-F038A200F214}
	EndGlobalSection
EndGlobal
